{
  "version": "5",
  "specifiers": {
    "jsr:@std/assert@^1.0.19": "1.0.19",
    "jsr:@std/bytes@^1.0.6": "1.0.6",
    "jsr:@std/encoding@^1.0.10": "1.0.10",
    "jsr:@std/expect@^1.0.19": "1.0.19",
    "jsr:@std/internal@^1.0.12": "1.0.13",
    "jsr:@std/internal@^1.0.13": "1.0.13",
    "jsr:@std/path@^1.1.4": "1.1.4",
    "npm:@types/node@*": "24.2.0",
    "npm:nanoid@5.1.6": "5.1.6",
    "npm:rfc4648@1.5.4": "1.5.4"
  },
  "jsr": {
    "@std/assert@1.0.19": {
      "integrity": "eaada96ee120cb980bc47e040f82814d786fe8162ecc53c91d8df60b8755991e",
      "dependencies": [
        "jsr:@std/internal@^1.0.12"
      ]
    },
    "@std/bytes@1.0.6": {
      "integrity": "f6ac6adbd8ccd99314045f5703e23af0a68d7f7e58364b47d2c7f408aeb5820a"
    },
    "@std/encoding@1.0.10": {
      "integrity": "8783c6384a2d13abd5e9e87a7ae0520a30e9f56aeeaa3bdf910a3eaaf5c811a1"
    },
    "@std/expect@1.0.19": {
      "integrity": "25271785688c7ff902fa54875d6aa4001f552c5578f7f0fefb5b5aac1fc2ed8a",
      "dependencies": [
        "jsr:@std/assert",
        "jsr:@std/internal@^1.0.13",
        "jsr:@std/path"
      ]
    },
    "@std/internal@1.0.13": {
      "integrity": "2f9546691d4ac2d32859c82dff284aaeac980ddeca38430d07941e7e288725c0"
    },
    "@std/path@1.1.4": {
      "integrity": "1d2d43f39efb1b42f0b1882a25486647cb851481862dc7313390b2bb044314b5",
      "dependencies": [
        "jsr:@std/internal@^1.0.12"
      ]
    }
  },
  "npm": {
    "@types/node@24.2.0": {
      "integrity": "sha512-3xyG3pMCq3oYCNg7/ZP+E1ooTaGB4cG8JWRsqqOYQdbWNY4zbaV0Ennrd7stjiJEFZCaybcIgpTjJWHRfBSIDw==",
      "dependencies": [
        "undici-types"
      ]
    },
    "nanoid@5.1.6": {
      "integrity": "sha512-c7+7RQ+dMB5dPwwCp4ee1/iV/q2P6aK1mTZcfr1BTuVlyW9hJYiMPybJCcnBlQtuSmTIWNeazm/zqNoZSSElBg==",
      "bin": true
    },
    "rfc4648@1.5.4": {
      "integrity": "sha512-rRg/6Lb+IGfJqO05HZkN50UtY7K/JhxJag1kP23+zyMfrvoB0B7RWv06MbOzoc79RgCdNTiUaNsTT1AJZ7Z+cg=="
    },
    "undici-types@7.10.0": {
      "integrity": "sha512-t5Fy/nfn+14LuOc2KNYg75vZqClpAiqscVvMygNnlsHBFpSXdJaYtXMcdNLpl/Qvc3P2cB3s6lOV51nqsFq4ag=="
    }
  },
  "workspace": {
    "dependencies": [
      "jsr:@std/bytes@^1.0.6",
      "jsr:@std/encoding@^1.0.10",
      "jsr:@std/expect@^1.0.19",
      "npm:nanoid@5.1.6",
      "npm:rfc4648@1.5.4"
    ]
  }
}
